// !$*UTF8*$!
{
	archiveVersion = 1;
	classes = {
	};
	objectVersion = 50;
	objects = {

/* Begin PBXBuildFile section */
		8C4E412522B2D3FB00EC05C7 /* AppDelegate.swift in Sources */ = {isa = PBXBuildFile; fileRef = 8C4E412422B2D3FB00EC05C7 /* AppDelegate.swift */; };
		8C4E412722B2D3FB00EC05C7 /* GameScene.sks in Resources */ = {isa = PBXBuildFile; fileRef = 8C4E412622B2D3FB00EC05C7 /* GameScene.sks */; };
		8C4E412922B2D3FB00EC05C7 /* Actions.sks in Resources */ = {isa = PBXBuildFile; fileRef = 8C4E412822B2D3FB00EC05C7 /* Actions.sks */; };
		8C4E412B22B2D3FB00EC05C7 /* GameScene.swift in Sources */ = {isa = PBXBuildFile; fileRef = 8C4E412A22B2D3FB00EC05C7 /* GameScene.swift */; };
		8C4E412D22B2D3FB00EC05C7 /* GameViewController.swift in Sources */ = {isa = PBXBuildFile; fileRef = 8C4E412C22B2D3FB00EC05C7 /* GameViewController.swift */; };
		8C4E413022B2D3FB00EC05C7 /* Main.storyboard in Resources */ = {isa = PBXBuildFile; fileRef = 8C4E412E22B2D3FB00EC05C7 /* Main.storyboard */; };
		8C4E413222B2D3FC00EC05C7 /* Assets.xcassets in Resources */ = {isa = PBXBuildFile; fileRef = 8C4E413122B2D3FC00EC05C7 /* Assets.xcassets */; };
		8C4E413522B2D3FC00EC05C7 /* LaunchScreen.storyboard in Resources */ = {isa = PBXBuildFile; fileRef = 8C4E413322B2D3FC00EC05C7 /* LaunchScreen.storyboard */; };
		8C4E414222B2D44F00EC05C7 /* Interface.storyboard in Resources */ = {isa = PBXBuildFile; fileRef = 8C4E414022B2D44F00EC05C7 /* Interface.storyboard */; };
		8C4E414422B2D45000EC05C7 /* Assets.xcassets in Resources */ = {isa = PBXBuildFile; fileRef = 8C4E414322B2D45000EC05C7 /* Assets.xcassets */; };
		8C4E414B22B2D45000EC05C7 /* WatchGame Extension.appex in Embed App Extensions */ = {isa = PBXBuildFile; fileRef = 8C4E414A22B2D45000EC05C7 /* WatchGame Extension.appex */; settings = {ATTRIBUTES = (RemoveHeadersOnCopy, ); }; };
		8C4E415022B2D45000EC05C7 /* InterfaceController.swift in Sources */ = {isa = PBXBuildFile; fileRef = 8C4E414F22B2D45000EC05C7 /* InterfaceController.swift */; };
		8C4E415222B2D45000EC05C7 /* GameScene.sks in Resources */ = {isa = PBXBuildFile; fileRef = 8C4E415122B2D45000EC05C7 /* GameScene.sks */; };
		8C4E415422B2D45000EC05C7 /* GameScene.swift in Sources */ = {isa = PBXBuildFile; fileRef = 8C4E415322B2D45000EC05C7 /* GameScene.swift */; };
		8C4E415622B2D45000EC05C7 /* ExtensionDelegate.swift in Sources */ = {isa = PBXBuildFile; fileRef = 8C4E415522B2D45000EC05C7 /* ExtensionDelegate.swift */; };
		8C4E415A22B2D45000EC05C7 /* Assets.xcassets in Resources */ = {isa = PBXBuildFile; fileRef = 8C4E415922B2D45000EC05C7 /* Assets.xcassets */; };
		8C4E415F22B2D45000EC05C7 /* WatchGame.app in Embed Watch Content */ = {isa = PBXBuildFile; fileRef = 8C4E413E22B2D44F00EC05C7 /* WatchGame.app */; };
/* End PBXBuildFile section */

/* Begin PBXContainerItemProxy section */
		8C4E414C22B2D45000EC05C7 /* PBXContainerItemProxy */ = {
			isa = PBXContainerItemProxy;
			containerPortal = 8C4E411922B2D3FB00EC05C7 /* Project object */;
			proxyType = 1;
			remoteGlobalIDString = 8C4E414922B2D45000EC05C7;
			remoteInfo = "WatchGame Extension";
		};
		8C4E415D22B2D45000EC05C7 /* PBXContainerItemProxy */ = {
			isa = PBXContainerItemProxy;
			containerPortal = 8C4E411922B2D3FB00EC05C7 /* Project object */;
			proxyType = 1;
			remoteGlobalIDString = 8C4E413D22B2D44F00EC05C7;
			remoteInfo = WatchGame;
		};
/* End PBXContainerItemProxy section */

/* Begin PBXCopyFilesBuildPhase section */
		8C4E416322B2D45000EC05C7 /* Embed App Extensions */ = {
			isa = PBXCopyFilesBuildPhase;
			buildActionMask = 2147483647;
			dstPath = "";
			dstSubfolderSpec = 13;
			files = (
				8C4E414B22B2D45000EC05C7 /* WatchGame Extension.appex in Embed App Extensions */,
			);
			name = "Embed App Extensions";
			runOnlyForDeploymentPostprocessing = 0;
		};
		8C4E416722B2D45000EC05C7 /* Embed Watch Content */ = {
			isa = PBXCopyFilesBuildPhase;
			buildActionMask = 2147483647;
			dstPath = "$(CONTENTS_FOLDER_PATH)/Watch";
			dstSubfolderSpec = 16;
			files = (
				8C4E415F22B2D45000EC05C7 /* WatchGame.app in Embed Watch Content */,
			);
			name = "Embed Watch Content";
			runOnlyForDeploymentPostprocessing = 0;
		};
/* End PBXCopyFilesBuildPhase section */

/* Begin PBXFileReference section */
		8C4E412122B2D3FB00EC05C7 /* WatchKitTest.app */ = {isa = PBXFileReference; explicitFileType = wrapper.application; includeInIndex = 0; path = WatchKitTest.app; sourceTree = BUILT_PRODUCTS_DIR; };
		8C4E412422B2D3FB00EC05C7 /* AppDelegate.swift */ = {isa = PBXFileReference; lastKnownFileType = sourcecode.swift; path = AppDelegate.swift; sourceTree = "<group>"; };
		8C4E412622B2D3FB00EC05C7 /* GameScene.sks */ = {isa = PBXFileReference; lastKnownFileType = file.sks; path = GameScene.sks; sourceTree = "<group>"; };
		8C4E412822B2D3FB00EC05C7 /* Actions.sks */ = {isa = PBXFileReference; lastKnownFileType = file.sks; path = Actions.sks; sourceTree = "<group>"; };
		8C4E412A22B2D3FB00EC05C7 /* GameScene.swift */ = {isa = PBXFileReference; lastKnownFileType = sourcecode.swift; path = GameScene.swift; sourceTree = "<group>"; };
		8C4E412C22B2D3FB00EC05C7 /* GameViewController.swift */ = {isa = PBXFileReference; lastKnownFileType = sourcecode.swift; path = GameViewController.swift; sourceTree = "<group>"; };
		8C4E412F22B2D3FB00EC05C7 /* Base */ = {isa = PBXFileReference; lastKnownFileType = file.storyboard; name = Base; path = Base.lproj/Main.storyboard; sourceTree = "<group>"; };
		8C4E413122B2D3FC00EC05C7 /* Assets.xcassets */ = {isa = PBXFileReference; lastKnownFileType = folder.assetcatalog; path = Assets.xcassets; sourceTree = "<group>"; };
		8C4E413422B2D3FC00EC05C7 /* Base */ = {isa = PBXFileReference; lastKnownFileType = file.storyboard; name = Base; path = Base.lproj/LaunchScreen.storyboard; sourceTree = "<group>"; };
		8C4E413622B2D3FC00EC05C7 /* Info.plist */ = {isa = PBXFileReference; lastKnownFileType = text.plist.xml; path = Info.plist; sourceTree = "<group>"; };
		8C4E413E22B2D44F00EC05C7 /* WatchGame.app */ = {isa = PBXFileReference; explicitFileType = wrapper.application; includeInIndex = 0; path = WatchGame.app; sourceTree = BUILT_PRODUCTS_DIR; };
		8C4E414122B2D44F00EC05C7 /* Base */ = {isa = PBXFileReference; lastKnownFileType = file.storyboard; name = Base; path = Base.lproj/Interface.storyboard; sourceTree = "<group>"; };
		8C4E414322B2D45000EC05C7 /* Assets.xcassets */ = {isa = PBXFileReference; lastKnownFileType = folder.assetcatalog; path = Assets.xcassets; sourceTree = "<group>"; };
		8C4E414522B2D45000EC05C7 /* Info.plist */ = {isa = PBXFileReference; lastKnownFileType = text.plist.xml; path = Info.plist; sourceTree = "<group>"; };
		8C4E414A22B2D45000EC05C7 /* WatchGame Extension.appex */ = {isa = PBXFileReference; explicitFileType = "wrapper.app-extension"; includeInIndex = 0; path = "WatchGame Extension.appex"; sourceTree = BUILT_PRODUCTS_DIR; };
		8C4E414F22B2D45000EC05C7 /* InterfaceController.swift */ = {isa = PBXFileReference; lastKnownFileType = sourcecode.swift; path = InterfaceController.swift; sourceTree = "<group>"; };
		8C4E415122B2D45000EC05C7 /* GameScene.sks */ = {isa = PBXFileReference; lastKnownFileType = file.sks; path = GameScene.sks; sourceTree = "<group>"; };
		8C4E415322B2D45000EC05C7 /* GameScene.swift */ = {isa = PBXFileReference; lastKnownFileType = sourcecode.swift; path = GameScene.swift; sourceTree = "<group>"; };
		8C4E415522B2D45000EC05C7 /* ExtensionDelegate.swift */ = {isa = PBXFileReference; lastKnownFileType = sourcecode.swift; path = ExtensionDelegate.swift; sourceTree = "<group>"; };
		8C4E415922B2D45000EC05C7 /* Assets.xcassets */ = {isa = PBXFileReference; lastKnownFileType = folder.assetcatalog; path = Assets.xcassets; sourceTree = "<group>"; };
		8C4E415B22B2D45000EC05C7 /* Info.plist */ = {isa = PBXFileReference; lastKnownFileType = text.plist.xml; path = Info.plist; sourceTree = "<group>"; };
		8C4E415C22B2D45000EC05C7 /* PushNotificationPayload.apns */ = {isa = PBXFileReference; lastKnownFileType = text; path = PushNotificationPayload.apns; sourceTree = "<group>"; };
/* End PBXFileReference section */

/* Begin PBXFrameworksBuildPhase section */
		8C4E411E22B2D3FB00EC05C7 /* Frameworks */ = {
			isa = PBXFrameworksBuildPhase;
			buildActionMask = 2147483647;
			files = (
			);
			runOnlyForDeploymentPostprocessing = 0;
		};
		8C4E414722B2D45000EC05C7 /* Frameworks */ = {
			isa = PBXFrameworksBuildPhase;
			buildActionMask = 2147483647;
			files = (
			);
			runOnlyForDeploymentPostprocessing = 0;
		};
/* End PBXFrameworksBuildPhase section */

/* Begin PBXGroup section */
		8C4E411822B2D3FB00EC05C7 = {
			isa = PBXGroup;
			children = (
				8C4E412322B2D3FB00EC05C7 /* WatchKitTest */,
				8C4E413F22B2D44F00EC05C7 /* WatchGame */,
				8C4E414E22B2D45000EC05C7 /* WatchGame Extension */,
				8C4E412222B2D3FB00EC05C7 /* Products */,
			);
			sourceTree = "<group>";
		};
		8C4E412222B2D3FB00EC05C7 /* Products */ = {
			isa = PBXGroup;
			children = (
				8C4E412122B2D3FB00EC05C7 /* WatchKitTest.app */,
				8C4E413E22B2D44F00EC05C7 /* WatchGame.app */,
				8C4E414A22B2D45000EC05C7 /* WatchGame Extension.appex */,
			);
			name = Products;
			sourceTree = "<group>";
		};
		8C4E412322B2D3FB00EC05C7 /* WatchKitTest */ = {
			isa = PBXGroup;
			children = (
				8C4E412422B2D3FB00EC05C7 /* AppDelegate.swift */,
				8C4E412622B2D3FB00EC05C7 /* GameScene.sks */,
				8C4E412822B2D3FB00EC05C7 /* Actions.sks */,
				8C4E412A22B2D3FB00EC05C7 /* GameScene.swift */,
				8C4E412C22B2D3FB00EC05C7 /* GameViewController.swift */,
				8C4E412E22B2D3FB00EC05C7 /* Main.storyboard */,
				8C4E413122B2D3FC00EC05C7 /* Assets.xcassets */,
				8C4E413322B2D3FC00EC05C7 /* LaunchScreen.storyboard */,
				8C4E413622B2D3FC00EC05C7 /* Info.plist */,
			);
			path = WatchKitTest;
			sourceTree = "<group>";
		};
		8C4E413F22B2D44F00EC05C7 /* WatchGame */ = {
			isa = PBXGroup;
			children = (
				8C4E414022B2D44F00EC05C7 /* Interface.storyboard */,
				8C4E414322B2D45000EC05C7 /* Assets.xcassets */,
				8C4E414522B2D45000EC05C7 /* Info.plist */,
			);
			path = WatchGame;
			sourceTree = "<group>";
		};
		8C4E414E22B2D45000EC05C7 /* WatchGame Extension */ = {
			isa = PBXGroup;
			children = (
				8C4E414F22B2D45000EC05C7 /* InterfaceController.swift */,
				8C4E415122B2D45000EC05C7 /* GameScene.sks */,
				8C4E415322B2D45000EC05C7 /* GameScene.swift */,
				8C4E415522B2D45000EC05C7 /* ExtensionDelegate.swift */,
				8C4E415922B2D45000EC05C7 /* Assets.xcassets */,
				8C4E415B22B2D45000EC05C7 /* Info.plist */,
				8C4E415C22B2D45000EC05C7 /* PushNotificationPayload.apns */,
			);
			path = "WatchGame Extension";
			sourceTree = "<group>";
		};
/* End PBXGroup section */

/* Begin PBXNativeTarget section */
		8C4E412022B2D3FB00EC05C7 /* WatchKitTest */ = {
			isa = PBXNativeTarget;
			buildConfigurationList = 8C4E413922B2D3FC00EC05C7 /* Build configuration list for PBXNativeTarget "WatchKitTest" */;
			buildPhases = (
				8C4E411D22B2D3FB00EC05C7 /* Sources */,
				8C4E411E22B2D3FB00EC05C7 /* Frameworks */,
				8C4E411F22B2D3FB00EC05C7 /* Resources */,
				8C4E416722B2D45000EC05C7 /* Embed Watch Content */,
			);
			buildRules = (
			);
			dependencies = (
				8C4E415E22B2D45000EC05C7 /* PBXTargetDependency */,
			);
			name = WatchKitTest;
			productName = WatchKitTest;
			productReference = 8C4E412122B2D3FB00EC05C7 /* WatchKitTest.app */;
			productType = "com.apple.product-type.application";
		};
		8C4E413D22B2D44F00EC05C7 /* WatchGame */ = {
			isa = PBXNativeTarget;
			buildConfigurationList = 8C4E416422B2D45000EC05C7 /* Build configuration list for PBXNativeTarget "WatchGame" */;
			buildPhases = (
				8C4E413C22B2D44F00EC05C7 /* Resources */,
				8C4E416322B2D45000EC05C7 /* Embed App Extensions */,
			);
			buildRules = (
			);
			dependencies = (
				8C4E414D22B2D45000EC05C7 /* PBXTargetDependency */,
			);
			name = WatchGame;
			productName = WatchGame;
			productReference = 8C4E413E22B2D44F00EC05C7 /* WatchGame.app */;
			productType = "com.apple.product-type.application.watchapp2";
		};
		8C4E414922B2D45000EC05C7 /* WatchGame Extension */ = {
			isa = PBXNativeTarget;
			buildConfigurationList = 8C4E416022B2D45000EC05C7 /* Build configuration list for PBXNativeTarget "WatchGame Extension" */;
			buildPhases = (
				8C4E414622B2D45000EC05C7 /* Sources */,
				8C4E414722B2D45000EC05C7 /* Frameworks */,
				8C4E414822B2D45000EC05C7 /* Resources */,
			);
			buildRules = (
			);
			dependencies = (
			);
			name = "WatchGame Extension";
			productName = "WatchGame Extension";
			productReference = 8C4E414A22B2D45000EC05C7 /* WatchGame Extension.appex */;
			productType = "com.apple.product-type.watchkit2-extension";
		};
/* End PBXNativeTarget section */

/* Begin PBXProject section */
		8C4E411922B2D3FB00EC05C7 /* Project object */ = {
			isa = PBXProject;
			attributes = {
				LastSwiftUpdateCheck = 1020;
				LastUpgradeCheck = 1020;
				ORGANIZATIONNAME = "Daniil Popov";
				TargetAttributes = {
					8C4E412022B2D3FB00EC05C7 = {
						CreatedOnToolsVersion = 10.2.1;
					};
					8C4E413D22B2D44F00EC05C7 = {
						CreatedOnToolsVersion = 10.2.1;
					};
					8C4E414922B2D45000EC05C7 = {
						CreatedOnToolsVersion = 10.2.1;
					};
				};
			};
			buildConfigurationList = 8C4E411C22B2D3FB00EC05C7 /* Build configuration list for PBXProject "WatchKitTest" */;
			compatibilityVersion = "Xcode 9.3";
			developmentRegion = en;
			hasScannedForEncodings = 0;
			knownRegions = (
				en,
				Base,
			);
			mainGroup = 8C4E411822B2D3FB00EC05C7;
			productRefGroup = 8C4E412222B2D3FB00EC05C7 /* Products */;
			projectDirPath = "";
			projectRoot = "";
			targets = (
				8C4E412022B2D3FB00EC05C7 /* WatchKitTest */,
				8C4E413D22B2D44F00EC05C7 /* WatchGame */,
				8C4E414922B2D45000EC05C7 /* WatchGame Extension */,
			);
		};
/* End PBXProject section */

/* Begin PBXResourcesBuildPhase section */
		8C4E411F22B2D3FB00EC05C7 /* Resources */ = {
			isa = PBXResourcesBuildPhase;
			buildActionMask = 2147483647;
			files = (
				8C4E413022B2D3FB00EC05C7 /* Main.storyboard in Resources */,
				8C4E412722B2D3FB00EC05C7 /* GameScene.sks in Resources */,
				8C4E413222B2D3FC00EC05C7 /* Assets.xcassets in Resources */,
				8C4E413522B2D3FC00EC05C7 /* LaunchScreen.storyboard in Resources */,
				8C4E412922B2D3FB00EC05C7 /* Actions.sks in Resources */,
			);
			runOnlyForDeploymentPostprocessing = 0;
		};
		8C4E413C22B2D44F00EC05C7 /* Resources */ = {
			isa = PBXResourcesBuildPhase;
			buildActionMask = 2147483647;
			files = (
				8C4E414422B2D45000EC05C7 /* Assets.xcassets in Resources */,
				8C4E414222B2D44F00EC05C7 /* Interface.storyboard in Resources */,
			);
			runOnlyForDeploymentPostprocessing = 0;
		};
		8C4E414822B2D45000EC05C7 /* Resources */ = {
			isa = PBXResourcesBuildPhase;
			buildActionMask = 2147483647;
			files = (
				8C4E415A22B2D45000EC05C7 /* Assets.xcassets in Resources */,
				8C4E415222B2D45000EC05C7 /* GameScene.sks in Resources */,
			);
			runOnlyForDeploymentPostprocessing = 0;
		};
/* End PBXResourcesBuildPhase section */

/* Begin PBXSourcesBuildPhase section */
		8C4E411D22B2D3FB00EC05C7 /* Sources */ = {
			isa = PBXSourcesBuildPhase;
			buildActionMask = 2147483647;
			files = (
				8C4E412B22B2D3FB00EC05C7 /* GameScene.swift in Sources */,
				8C4E412D22B2D3FB00EC05C7 /* GameViewController.swift in Sources */,
				8C4E412522B2D3FB00EC05C7 /* AppDelegate.swift in Sources */,
			);
			runOnlyForDeploymentPostprocessing = 0;
		};
		8C4E414622B2D45000EC05C7 /* Sources */ = {
			isa = PBXSourcesBuildPhase;
			buildActionMask = 2147483647;
			files = (
				8C4E415422B2D45000EC05C7 /* GameScene.swift in Sources */,
				8C4E415022B2D45000EC05C7 /* InterfaceController.swift in Sources */,
				8C4E415622B2D45000EC05C7 /* ExtensionDelegate.swift in Sources */,
			);
			runOnlyForDeploymentPostprocessing = 0;
		};
/* End PBXSourcesBuildPhase section */

/* Begin PBXTargetDependency section */
		8C4E414D22B2D45000EC05C7 /* PBXTargetDependency */ = {
			isa = PBXTargetDependency;
			target = 8C4E414922B2D45000EC05C7 /* WatchGame Extension */;
			targetProxy = 8C4E414C22B2D45000EC05C7 /* PBXContainerItemProxy */;
		};
		8C4E415E22B2D45000EC05C7 /* PBXTargetDependency */ = {
			isa = PBXTargetDependency;
			target = 8C4E413D22B2D44F00EC05C7 /* WatchGame */;
			targetProxy = 8C4E415D22B2D45000EC05C7 /* PBXContainerItemProxy */;
		};
/* End PBXTargetDependency section */

/* Begin PBXVariantGroup section */
		8C4E412E22B2D3FB00EC05C7 /* Main.storyboard */ = {
			isa = PBXVariantGroup;
			children = (
				8C4E412F22B2D3FB00EC05C7 /* Base */,
			);
			name = Main.storyboard;
			sourceTree = "<group>";
		};
		8C4E413322B2D3FC00EC05C7 /* LaunchScreen.storyboard */ = {
			isa = PBXVariantGroup;
			children = (
				8C4E413422B2D3FC00EC05C7 /* Base */,
			);
			name = LaunchScreen.storyboard;
			sourceTree = "<group>";
		};
		8C4E414022B2D44F00EC05C7 /* Interface.storyboard */ = {
			isa = PBXVariantGroup;
			children = (
				8C4E414122B2D44F00EC05C7 /* Base */,
			);
			indentWidth = 1;
			name = Interface.storyboard;
			sourceTree = "<group>";
			tabWidth = 1;
			wrapsLines = 1;
		};
/* End PBXVariantGroup section */

/* Begin XCBuildConfiguration section */
		8C4E413722B2D3FC00EC05C7 /* Debug */ = {
			isa = XCBuildConfiguration;
			buildSettings = {
				ALWAYS_SEARCH_USER_PATHS = NO;
				CLANG_ANALYZER_NONNULL = YES;
				CLANG_ANALYZER_NUMBER_OBJECT_CONVERSION = YES_AGGRESSIVE;
				CLANG_CXX_LANGUAGE_STANDARD = "gnu++14";
				CLANG_CXX_LIBRARY = "libc++";
				CLANG_ENABLE_MODULES = YES;
				CLANG_ENABLE_OBJC_ARC = YES;
				CLANG_ENABLE_OBJC_WEAK = YES;
				CLANG_WARN_BLOCK_CAPTURE_AUTORELEASING = YES;
				CLANG_WARN_BOOL_CONVERSION = YES;
				CLANG_WARN_COMMA = YES;
				CLANG_WARN_CONSTANT_CONVERSION = YES;
				CLANG_WARN_DEPRECATED_OBJC_IMPLEMENTATIONS = YES;
				CLANG_WARN_DIRECT_OBJC_ISA_USAGE = YES_ERROR;
				CLANG_WARN_DOCUMENTATION_COMMENTS = YES;
				CLANG_WARN_EMPTY_BODY = YES;
				CLANG_WARN_ENUM_CONVERSION = YES;
				CLANG_WARN_INFINITE_RECURSION = YES;
				CLANG_WARN_INT_CONVERSION = YES;
				CLANG_WARN_NON_LITERAL_NULL_CONVERSION = YES;
				CLANG_WARN_OBJC_IMPLICIT_RETAIN_SELF = YES;
				CLANG_WARN_OBJC_LITERAL_CONVERSION = YES;
				CLANG_WARN_OBJC_ROOT_CLASS = YES_ERROR;
				CLANG_WARN_RANGE_LOOP_ANALYSIS = YES;
				CLANG_WARN_STRICT_PROTOTYPES = YES;
				CLANG_WARN_SUSPICIOUS_MOVE = YES;
				CLANG_WARN_UNGUARDED_AVAILABILITY = YES_AGGRESSIVE;
				CLANG_WARN_UNREACHABLE_CODE = YES;
				CLANG_WARN__DUPLICATE_METHOD_MATCH = YES;
				CODE_SIGN_IDENTITY = "iPhone Developer";
				COPY_PHASE_STRIP = NO;
				DEBUG_INFORMATION_FORMAT = dwarf;
				ENABLE_STRICT_OBJC_MSGSEND = YES;
				ENABLE_TESTABILITY = YES;
				GCC_C_LANGUAGE_STANDARD = gnu11;
				GCC_DYNAMIC_NO_PIC = NO;
				GCC_NO_COMMON_BLOCKS = YES;
				GCC_OPTIMIZATION_LEVEL = 0;
				GCC_PREPROCESSOR_DEFINITIONS = (
					"DEBUG=1",
					"$(inherited)",
				);
				GCC_WARN_64_TO_32_BIT_CONVERSION = YES;
				GCC_WARN_ABOUT_RETURN_TYPE = YES_ERROR;
				GCC_WARN_UNDECLARED_SELECTOR = YES;
				GCC_WARN_UNINITIALIZED_AUTOS = YES_AGGRESSIVE;
				GCC_WARN_UNUSED_FUNCTION = YES;
				GCC_WARN_UNUSED_VARIABLE = YES;
				IPHONEOS_DEPLOYMENT_TARGET = 12.2;
				MTL_ENABLE_DEBUG_INFO = INCLUDE_SOURCE;
				MTL_FAST_MATH = YES;
				ONLY_ACTIVE_ARCH = YES;
				SDKROOT = iphoneos;
				SWIFT_ACTIVE_COMPILATION_CONDITIONS = DEBUG;
				SWIFT_OPTIMIZATION_LEVEL = "-Onone";
			};
			name = Debug;
		};
		8C4E413822B2D3FC00EC05C7 /* Release */ = {
			isa = XCBuildConfiguration;
			buildSettings = {
				ALWAYS_SEARCH_USER_PATHS = NO;
				CLANG_ANALYZER_NONNULL = YES;
				CLANG_ANALYZER_NUMBER_OBJECT_CONVERSION = YES_AGGRESSIVE;
				CLANG_CXX_LANGUAGE_STANDARD = "gnu++14";
				CLANG_CXX_LIBRARY = "libc++";
				CLANG_ENABLE_MODULES = YES;
				CLANG_ENABLE_OBJC_ARC = YES;
				CLANG_ENABLE_OBJC_WEAK = YES;
				CLANG_WARN_BLOCK_CAPTURE_AUTORELEASING = YES;
				CLANG_WARN_BOOL_CONVERSION = YES;
				CLANG_WARN_COMMA = YES;
				CLANG_WARN_CONSTANT_CONVERSION = YES;
				CLANG_WARN_DEPRECATED_OBJC_IMPLEMENTATIONS = YES;
				CLANG_WARN_DIRECT_OBJC_ISA_USAGE = YES_ERROR;
				CLANG_WARN_DOCUMENTATION_COMMENTS = YES;
				CLANG_WARN_EMPTY_BODY = YES;
				CLANG_WARN_ENUM_CONVERSION = YES;
				CLANG_WARN_INFINITE_RECURSION = YES;
				CLANG_WARN_INT_CONVERSION = YES;
				CLANG_WARN_NON_LITERAL_NULL_CONVERSION = YES;
				CLANG_WARN_OBJC_IMPLICIT_RETAIN_SELF = YES;
				CLANG_WARN_OBJC_LITERAL_CONVERSION = YES;
				CLANG_WARN_OBJC_ROOT_CLASS = YES_ERROR;
				CLANG_WARN_RANGE_LOOP_ANALYSIS = YES;
				CLANG_WARN_STRICT_PROTOTYPES = YES;
				CLANG_WARN_SUSPICIOUS_MOVE = YES;
				CLANG_WARN_UNGUARDED_AVAILABILITY = YES_AGGRESSIVE;
				CLANG_WARN_UNREACHABLE_CODE = YES;
				CLANG_WARN__DUPLICATE_METHOD_MATCH = YES;
				CODE_SIGN_IDENTITY = "iPhone Developer";
				COPY_PHASE_STRIP = NO;
				DEBUG_INFORMATION_FORMAT = "dwarf-with-dsym";
				ENABLE_NS_ASSERTIONS = NO;
				ENABLE_STRICT_OBJC_MSGSEND = YES;
				GCC_C_LANGUAGE_STANDARD = gnu11;
				GCC_NO_COMMON_BLOCKS = YES;
				GCC_WARN_64_TO_32_BIT_CONVERSION = YES;
				GCC_WARN_ABOUT_RETURN_TYPE = YES_ERROR;
				GCC_WARN_UNDECLARED_SELECTOR = YES;
				GCC_WARN_UNINITIALIZED_AUTOS = YES_AGGRESSIVE;
				GCC_WARN_UNUSED_FUNCTION = YES;
				GCC_WARN_UNUSED_VARIABLE = YES;
				IPHONEOS_DEPLOYMENT_TARGET = 12.2;
				MTL_ENABLE_DEBUG_INFO = NO;
				MTL_FAST_MATH = YES;
				SDKROOT = iphoneos;
				SWIFT_COMPILATION_MODE = wholemodule;
				SWIFT_OPTIMIZATION_LEVEL = "-O";
				VALIDATE_PRODUCT = YES;
			};
			name = Release;
		};
		8C4E413A22B2D3FC00EC05C7 /* Debug */ = {
			isa = XCBuildConfiguration;
			buildSettings = {
				ASSETCATALOG_COMPILER_APPICON_NAME = AppIcon;
				CODE_SIGN_STYLE = Automatic;
				DEVELOPMENT_TEAM = PPKSE537F6;
				INFOPLIST_FILE = WatchKitTest/Info.plist;
				LD_RUNPATH_SEARCH_PATHS = (
					"$(inherited)",
					"@executable_path/Frameworks",
				);
				PRODUCT_BUNDLE_IDENTIFIER = com.Popov.Daniil.WatchKitTest;
				PRODUCT_NAME = "$(TARGET_NAME)";
				SWIFT_VERSION = 5.0;
				TARGETED_DEVICE_FAMILY = "1,2";
			};
			name = Debug;
		};
		8C4E413B22B2D3FC00EC05C7 /* Release */ = {
			isa = XCBuildConfiguration;
			buildSettings = {
				ASSETCATALOG_COMPILER_APPICON_NAME = AppIcon;
				CODE_SIGN_STYLE = Automatic;
				DEVELOPMENT_TEAM = PPKSE537F6;
				INFOPLIST_FILE = WatchKitTest/Info.plist;
				LD_RUNPATH_SEARCH_PATHS = (
					"$(inherited)",
					"@executable_path/Frameworks",
				);
				PRODUCT_BUNDLE_IDENTIFIER = com.Popov.Daniil.WatchKitTest;
				PRODUCT_NAME = "$(TARGET_NAME)";
				SWIFT_VERSION = 5.0;
				TARGETED_DEVICE_FAMILY = "1,2";
			};
			name = Release;
		};
		8C4E416122B2D45000EC05C7 /* Debug */ = {
			isa = XCBuildConfiguration;
			buildSettings = {
				ASSETCATALOG_COMPILER_COMPLICATION_NAME = Complication;
				CODE_SIGN_STYLE = Automatic;
				DEVELOPMENT_TEAM = PPKSE537F6;
				INFOPLIST_FILE = "WatchGame Extension/Info.plist";
				LD_RUNPATH_SEARCH_PATHS = (
					"$(inherited)",
					"@executable_path/Frameworks",
					"@executable_path/../../Frameworks",
				);
				PRODUCT_BUNDLE_IDENTIFIER = com.Popov.Daniil.WatchKitTest.watchkitapp.watchkitextension;
				PRODUCT_NAME = "${TARGET_NAME}";
				SDKROOT = watchos;
				SKIP_INSTALL = YES;
				SWIFT_VERSION = 5.0;
				TARGETED_DEVICE_FAMILY = 4;
				WATCHOS_DEPLOYMENT_TARGET = 5.2;
			};
			name = Debug;
		};
		8C4E416222B2D45000EC05C7 /* Release */ = {
			isa = XCBuildConfiguration;
			buildSettings = {
				ASSETCATALOG_COMPILER_COMPLICATION_NAME = Complication;
				CODE_SIGN_STYLE = Automatic;
				DEVELOPMENT_TEAM = PPKSE537F6;
				INFOPLIST_FILE = "WatchGame Extension/Info.plist";
				LD_RUNPATH_SEARCH_PATHS = (
					"$(inherited)",
					"@executable_path/Frameworks",
					"@executable_path/../../Frameworks",
				);
				PRODUCT_BUNDLE_IDENTIFIER = com.Popov.Daniil.WatchKitTest.watchkitapp.watchkitextension;
				PRODUCT_NAME = "${TARGET_NAME}";
				SDKROOT = watchos;
				SKIP_INSTALL = YES;
				SWIFT_VERSION = 5.0;
				TARGETED_DEVICE_FAMILY = 4;
				WATCHOS_DEPLOYMENT_TARGET = 5.2;
			};
			name = Release;
		};
		8C4E416522B2D45000EC05C7 /* Debug */ = {
			isa = XCBuildConfiguration;
			buildSettings = {
				ALWAYS_EMBED_SWIFT_STANDARD_LIBRARIES = YES;
				ASSETCATALOG_COMPILER_APPICON_NAME = AppIcon;
				CODE_SIGN_STYLE = Automatic;
				DEVELOPMENT_TEAM = PPKSE537F6;
				IBSC_MODULE = WatchGame_Extension;
				INFOPLIST_FILE = WatchGame/Info.plist;
				PRODUCT_BUNDLE_IDENTIFIER = com.Popov.Daniil.WatchKitTest.watchkitapp;
				PRODUCT_NAME = "$(TARGET_NAME)";
				SDKROOT = watchos;
				SKIP_INSTALL = YES;
				SWIFT_VERSION = 5.0;
				TARGETED_DEVICE_FAMILY = 4;
				WATCHOS_DEPLOYMENT_TARGET = 5.2;
			};
			name = Debug;
		};
		8C4E416622B2D45000EC05C7 /* Release */ = {
			isa = XCBuildConfiguration;
			buildSettings = {
				ALWAYS_EMBED_SWIFT_STANDARD_LIBRARIES = YES;
				ASSETCATALOG_COMPILER_APPICON_NAME = AppIcon;
				CODE_SIGN_STYLE = Automatic;
				DEVELOPMENT_TEAM = PPKSE537F6;
				IBSC_MODULE = WatchGame_Extension;
				INFOPLIST_FILE = WatchGame/Info.plist;
				PRODUCT_BUNDLE_IDENTIFIER = com.Popov.Daniil.WatchKitTest.watchkitapp;
				PRODUCT_NAME = "$(TARGET_NAME)";
				SDKROOT = watchos;
				SKIP_INSTALL = YES;
				SWIFT_VERSION = 5.0;
				TARGETED_DEVICE_FAMILY = 4;
				WATCHOS_DEPLOYMENT_TARGET = 5.2;
			};
			name = Release;
		};
/* End XCBuildConfiguration section */

/* Begin XCConfigurationList section */
		8C4E411C22B2D3FB00EC05C7 /* Build configuration list for PBXProject "WatchKitTest" */ = {
			isa = XCConfigurationList;
			buildConfigurations = (
				8C4E413722B2D3FC00EC05C7 /* Debug */,
				8C4E413822B2D3FC00EC05C7 /* Release */,
			);
			defaultConfigurationIsVisible = 0;
			defaultConfigurationName = Release;
		};
		8C4E413922B2D3FC00EC05C7 /* Build configuration list for PBXNativeTarget "WatchKitTest" */ = {
			isa = XCConfigurationList;
			buildConfigurations = (
				8C4E413A22B2D3FC00EC05C7 /* Debug */,
				8C4E413B22B2D3FC00EC05C7 /* Release */,
			);
			defaultConfigurationIsVisible = 0;
			defaultConfigurationName = Release;
		};
		8C4E416022B2D45000EC05C7 /* Build configuration list for PBXNativeTarget "WatchGame Extension" */ = {
			isa = XCConfigurationList;
			buildConfigurations = (
				8C4E416122B2D45000EC05C7 /* Debug */,
				8C4E416222B2D45000EC05C7 /* Release */,
			);
			defaultConfigurationIsVisible = 0;
			defaultConfigurationName = Release;
		};
		8C4E416422B2D45000EC05C7 /* Build configuration list for PBXNativeTarget "WatchGame" */ = {
			isa = XCConfigurationList;
			buildConfigurations = (
				8C4E416522B2D45000EC05C7 /* Debug */,
				8C4E416622B2D45000EC05C7 /* Release */,
			);
			defaultConfigurationIsVisible = 0;
			defaultConfigurationName = Release;
		};
/* End XCConfigurationList section */
	};
	rootObject = 8C4E411922B2D3FB00EC05C7 /* Project object */;
}
